
Microsoft Visual Studio Solution File, Format Version 12.00
# Visual Studio 15
VisualStudioVersion = 15.0.27428.2043
MinimumVisualStudioVersion = 10.0.40219.1
Project("{FAE04EC0-301F-11D3-BF4B-00C04F79EFBC}") = "001-我们的第一个C-sharp程序", "001-我们的第一个C-sharp程序\001-我们的第一个C-sharp程序.csproj", "{D73AE8A7-A6D5-412C-8FBE-61AFF440BD88}"
EndProject
Project("{FAE04EC0-301F-11D3-BF4B-00C04F79EFBC}") = "002-变量", "002-变量\002-变量.csproj", "{823942BA-7059-4516-9996-8794219447BA}"
EndProject
Project("{FAE04EC0-301F-11D3-BF4B-00C04F79EFBC}") = "003-变量类型", "003-变量类型\003-变量类型.csproj", "{0CAD13CF-67EB-4D6C-918F-9A88AF92DF79}"
EndProject
Project("{FAE04EC0-301F-11D3-BF4B-00C04F79EFBC}") = "004-练习1", "004-练习1\004-练习1.csproj", "{5370628D-E6A5-402B-ABC8-5E4F80E7C202}"
EndProject
Project("{FAE04EC0-301F-11D3-BF4B-00C04F79EFBC}") = "005-在字符串前加上@字符", "005-在字符串前加上@字符\005-在字符串前加上@字符.csproj", "{F077965E-8155-47A9-A154-1ABDE2A69C10}"
EndProject
Project("{FAE04EC0-301F-11D3-BF4B-00C04F79EFBC}") = "006-变量的声明与赋值", "006-变量的声明与赋值\006-变量的声明与赋值.csproj", "{58C2BD1D-B7DD-465A-8B8B-653A779A1210}"
EndProject
Project("{FAE04EC0-301F-11D3-BF4B-00C04F79EFBC}") = "007-数学运算符", "007-数学运算符\007-数学运算符.csproj", "{B7B91EBF-6AEC-434E-B87B-B674619945E5}"
EndProject
Project("{FAE04EC0-301F-11D3-BF4B-00C04F79EFBC}") = "008-数学运算符自加自减", "008-数学运算符自加自减\008-数学运算符自加自减.csproj", "{B361FB12-F627-4030-B099-B66CBB76B545}"
EndProject
Project("{FAE04EC0-301F-11D3-BF4B-00C04F79EFBC}") = "009-获取键盘的字符串", "009-获取键盘的字符串\009-获取键盘的字符串.csproj", "{394E972C-CB84-4E65-9623-58314ED74036}"
EndProject
Project("{FAE04EC0-301F-11D3-BF4B-00C04F79EFBC}") = "010-练习2", "010-练习2\010-练习2.csproj", "{06C66160-1A10-4608-B167-94CCD9B15CCA}"
EndProject
Project("{FAE04EC0-301F-11D3-BF4B-00C04F79EFBC}") = "011-赋值运算", "011-赋值运算\011-赋值运算.csproj", "{A31890BC-B30D-4171-A6BA-76FF55F5FED7}"
EndProject
Project("{FAE04EC0-301F-11D3-BF4B-00C04F79EFBC}") = "012-运算符的优先级", "012-运算符的优先级\012-运算符的优先级.csproj", "{E5023F6C-3D23-4D61-915C-56B33F60611E}"
EndProject
Project("{FAE04EC0-301F-11D3-BF4B-00C04F79EFBC}") = "013-练习3-1", "013-练习3-1\013-练习3-1.csproj", "{F28F3119-4AD1-4A0C-AA4C-96F30BD45B88}"
EndProject
Project("{FAE04EC0-301F-11D3-BF4B-00C04F79EFBC}") = "014-练习3-2", "014-练习3-2\014-练习3-2.csproj", "{55928ED4-F1CC-441A-87CE-93F109C081F9}"
EndProject
Project("{FAE04EC0-301F-11D3-BF4B-00C04F79EFBC}") = "015-练习3-3", "015-练习3-3\015-练习3-3.csproj", "{822C2200-94C5-452F-B36D-A923019B6621}"
EndProject
Project("{FAE04EC0-301F-11D3-BF4B-00C04F79EFBC}") = "016-练习3-4", "016-练习3-4\016-练习3-4.csproj", "{11F5BB30-56FA-4BF1-9348-40F51AE5FA02}"
EndProject
Project("{FAE04EC0-301F-11D3-BF4B-00C04F79EFBC}") = "017-练习3-5", "017-练习3-5\017-练习3-5.csproj", "{B09A2916-6157-4B3C-87C2-6430A590B408}"
EndProject
Project("{FAE04EC0-301F-11D3-BF4B-00C04F79EFBC}") = "018-练习3-6", "018-练习3-6\018-练习3-6.csproj", "{458C9B1D-FDA8-447A-81D4-D4BDA9BE0833}"
EndProject
Project("{FAE04EC0-301F-11D3-BF4B-00C04F79EFBC}") = "019-bool运算", "019-bool运算\019-bool运算.csproj", "{C0608671-B067-46DE-998B-CD17B2FF9CB2}"
EndProject
Project("{FAE04EC0-301F-11D3-BF4B-00C04F79EFBC}") = "020-goto语句", "020-goto语句\020-goto语句.csproj", "{AE601EE2-9449-46DD-9F4B-2CF46EA7D417}"
EndProject
Project("{FAE04EC0-301F-11D3-BF4B-00C04F79EFBC}") = "021-练习合集", "021-练习合集\021-练习合集.csproj", "{0816F56F-C363-421C-A105-ACE501F8CCE2}"
EndProject
Project("{FAE04EC0-301F-11D3-BF4B-00C04F79EFBC}") = "022-枚举类型", "022-枚举类型\022-枚举类型.csproj", "{ED0CA55E-EFEC-4C42-B6C8-1ADBF890B70E}"
EndProject
Project("{FAE04EC0-301F-11D3-BF4B-00C04F79EFBC}") = "023-结构体", "023-结构体\023-结构体.csproj", "{97814784-BFD1-4710-8A53-7CCE5F42FB05}"
EndProject
Project("{FAE04EC0-301F-11D3-BF4B-00C04F79EFBC}") = "024-数组", "024-数组\024-数组.csproj", "{251D131E-A53B-47AA-B4D4-4816362973FE}"
EndProject
Project("{FAE04EC0-301F-11D3-BF4B-00C04F79EFBC}") = "025-数组的遍历", "025-数组的遍历\025-数组的遍历.csproj", "{143A2095-2713-4253-8762-8EEE7994E5FF}"
EndProject
Project("{FAE04EC0-301F-11D3-BF4B-00C04F79EFBC}") = "026-字符串的处理", "026-字符串的处理\026-字符串的处理.csproj", "{9274988A-67F6-41BD-ABDD-F9AF83739D7E}"
EndProject
Project("{FAE04EC0-301F-11D3-BF4B-00C04F79EFBC}") = "027-练习变量合集", "027-练习变量合集\027-练习变量合集.csproj", "{304E76C4-3F42-41BD-B370-AC81010BEA63}"
EndProject
Project("{FAE04EC0-301F-11D3-BF4B-00C04F79EFBC}") = "028-函数的定义", "028-函数的定义\028-函数的定义.csproj", "{ADE23489-75E2-4422-8656-CF17FE12BA3A}"
EndProject
Project("{FAE04EC0-301F-11D3-BF4B-00C04F79EFBC}") = "029-函数的定义与使用", "029-函数的定义与使用\029-函数的定义与使用.csproj", "{36F9ED3C-2B78-44FB-8559-B96EAE200458}"
EndProject
Project("{FAE04EC0-301F-11D3-BF4B-00C04F79EFBC}") = "030-参数数组的定义与使用", "030-参数数组的定义与使用\030-参数数组的定义与使用.csproj", "{C449D01E-2923-4CC7-BF50-A8669E649D23}"
EndProject
Project("{FAE04EC0-301F-11D3-BF4B-00C04F79EFBC}") = "031-结构体的定义与使用", "031-结构体的定义与使用\031-结构体的定义与使用.csproj", "{335C965F-E794-490F-B932-1C335FCA25AC}"
EndProject
Project("{FAE04EC0-301F-11D3-BF4B-00C04F79EFBC}") = "032-委托的使用", "032-委托的使用\032-委托的使用.csproj", "{5C72AE5C-8713-4B91-BBE0-F8F7C7F10789}"
EndProject
Project("{FAE04EC0-301F-11D3-BF4B-00C04F79EFBC}") = "033-练习4-1", "练习4-1\033-练习4-1.csproj", "{F0AA7B59-4765-40D0-A97C-1AB345033E67}"
EndProject
Project("{FAE04EC0-301F-11D3-BF4B-00C04F79EFBC}") = "034-练习4-2", "练习4-2\034-练习4-2.csproj", "{26F4967B-AA56-494C-B3F6-4A403EA8ECCC}"
EndProject
Project("{FAE04EC0-301F-11D3-BF4B-00C04F79EFBC}") = "035-练习4-3", "035-练习4-3\035-练习4-3.csproj", "{D756D7F9-F48A-4E50-BC9B-BEEC5456D685}"
EndProject
Project("{FAE04EC0-301F-11D3-BF4B-00C04F79EFBC}") = "036-练习4-4", "036-练习4-4\036-练习4-4.csproj", "{A61C7B28-036A-4711-9288-517F8EB1C407}"
EndProject
Project("{FAE04EC0-301F-11D3-BF4B-00C04F79EFBC}") = "037-练习4-5", "037-练习4-5\037-练习4-5.csproj", "{E8170188-8C54-4A41-890E-2C3D4BC81D80}"
EndProject
Project("{FAE04EC0-301F-11D3-BF4B-00C04F79EFBC}") = "038-练习4-6", "038-练习4-6\038-练习4-6.csproj", "{6EFCDFE6-54C7-4907-86AB-0ADC195A4B90}"
EndProject
Project("{FAE04EC0-301F-11D3-BF4B-00C04F79EFBC}") = "039-练习4-7", "039-练习4-7\039-练习4-7.csproj", "{9FD1A630-C37E-4994-84A4-8931D4FEB02F}"
EndProject
Project("{FAE04EC0-301F-11D3-BF4B-00C04F79EFBC}") = "040-练习4-8", "040-练习4_8\040-练习4-8.csproj", "{408750EE-2C62-4315-BFAF-6AC74710D4CD}"
EndProject
Project("{FAE04EC0-301F-11D3-BF4B-00C04F79EFBC}") = "041-练习4-9", "041-练习4-9\041-练习4-9.csproj", "{0E2C6D28-89B8-4867-BF82-C75CE8C60042}"
EndProject
Project("{FAE04EC0-301F-11D3-BF4B-00C04F79EFBC}") = "042-练习4-10", "042-练习4-10\042-练习4-10.csproj", "{27C7DE26-E741-4A66-8E9E-E9F79CD1E123}"
EndProject
Global
	GlobalSection(SolutionConfigurationPlatforms) = preSolution
		Debug|Any CPU = Debug|Any CPU
		Release|Any CPU = Release|Any CPU
	EndGlobalSection
	GlobalSection(ProjectConfigurationPlatforms) = postSolution
		{D73AE8A7-A6D5-412C-8FBE-61AFF440BD88}.Debug|Any CPU.ActiveCfg = Debug|Any CPU
		{D73AE8A7-A6D5-412C-8FBE-61AFF440BD88}.Debug|Any CPU.Build.0 = Debug|Any CPU
		{D73AE8A7-A6D5-412C-8FBE-61AFF440BD88}.Release|Any CPU.ActiveCfg = Release|Any CPU
		{D73AE8A7-A6D5-412C-8FBE-61AFF440BD88}.Release|Any CPU.Build.0 = Release|Any CPU
		{823942BA-7059-4516-9996-8794219447BA}.Debug|Any CPU.ActiveCfg = Debug|Any CPU
		{823942BA-7059-4516-9996-8794219447BA}.Debug|Any CPU.Build.0 = Debug|Any CPU
		{823942BA-7059-4516-9996-8794219447BA}.Release|Any CPU.ActiveCfg = Release|Any CPU
		{823942BA-7059-4516-9996-8794219447BA}.Release|Any CPU.Build.0 = Release|Any CPU
		{0CAD13CF-67EB-4D6C-918F-9A88AF92DF79}.Debug|Any CPU.ActiveCfg = Debug|Any CPU
		{0CAD13CF-67EB-4D6C-918F-9A88AF92DF79}.Debug|Any CPU.Build.0 = Debug|Any CPU
		{0CAD13CF-67EB-4D6C-918F-9A88AF92DF79}.Release|Any CPU.ActiveCfg = Release|Any CPU
		{0CAD13CF-67EB-4D6C-918F-9A88AF92DF79}.Release|Any CPU.Build.0 = Release|Any CPU
		{5370628D-E6A5-402B-ABC8-5E4F80E7C202}.Debug|Any CPU.ActiveCfg = Debug|Any CPU
		{5370628D-E6A5-402B-ABC8-5E4F80E7C202}.Debug|Any CPU.Build.0 = Debug|Any CPU
		{5370628D-E6A5-402B-ABC8-5E4F80E7C202}.Release|Any CPU.ActiveCfg = Release|Any CPU
		{5370628D-E6A5-402B-ABC8-5E4F80E7C202}.Release|Any CPU.Build.0 = Release|Any CPU
		{F077965E-8155-47A9-A154-1ABDE2A69C10}.Debug|Any CPU.ActiveCfg = Debug|Any CPU
		{F077965E-8155-47A9-A154-1ABDE2A69C10}.Debug|Any CPU.Build.0 = Debug|Any CPU
		{F077965E-8155-47A9-A154-1ABDE2A69C10}.Release|Any CPU.ActiveCfg = Release|Any CPU
		{F077965E-8155-47A9-A154-1ABDE2A69C10}.Release|Any CPU.Build.0 = Release|Any CPU
		{58C2BD1D-B7DD-465A-8B8B-653A779A1210}.Debug|Any CPU.ActiveCfg = Debug|Any CPU
		{58C2BD1D-B7DD-465A-8B8B-653A779A1210}.Debug|Any CPU.Build.0 = Debug|Any CPU
		{58C2BD1D-B7DD-465A-8B8B-653A779A1210}.Release|Any CPU.ActiveCfg = Release|Any CPU
		{58C2BD1D-B7DD-465A-8B8B-653A779A1210}.Release|Any CPU.Build.0 = Release|Any CPU
		{B7B91EBF-6AEC-434E-B87B-B674619945E5}.Debug|Any CPU.ActiveCfg = Debug|Any CPU
		{B7B91EBF-6AEC-434E-B87B-B674619945E5}.Debug|Any CPU.Build.0 = Debug|Any CPU
		{B7B91EBF-6AEC-434E-B87B-B674619945E5}.Release|Any CPU.ActiveCfg = Release|Any CPU
		{B7B91EBF-6AEC-434E-B87B-B674619945E5}.Release|Any CPU.Build.0 = Release|Any CPU
		{B361FB12-F627-4030-B099-B66CBB76B545}.Debug|Any CPU.ActiveCfg = Debug|Any CPU
		{B361FB12-F627-4030-B099-B66CBB76B545}.Debug|Any CPU.Build.0 = Debug|Any CPU
		{B361FB12-F627-4030-B099-B66CBB76B545}.Release|Any CPU.ActiveCfg = Release|Any CPU
		{B361FB12-F627-4030-B099-B66CBB76B545}.Release|Any CPU.Build.0 = Release|Any CPU
		{394E972C-CB84-4E65-9623-58314ED74036}.Debug|Any CPU.ActiveCfg = Debug|Any CPU
		{394E972C-CB84-4E65-9623-58314ED74036}.Debug|Any CPU.Build.0 = Debug|Any CPU
		{394E972C-CB84-4E65-9623-58314ED74036}.Release|Any CPU.ActiveCfg = Release|Any CPU
		{394E972C-CB84-4E65-9623-58314ED74036}.Release|Any CPU.Build.0 = Release|Any CPU
		{06C66160-1A10-4608-B167-94CCD9B15CCA}.Debug|Any CPU.ActiveCfg = Debug|Any CPU
		{06C66160-1A10-4608-B167-94CCD9B15CCA}.Debug|Any CPU.Build.0 = Debug|Any CPU
		{06C66160-1A10-4608-B167-94CCD9B15CCA}.Release|Any CPU.ActiveCfg = Release|Any CPU
		{06C66160-1A10-4608-B167-94CCD9B15CCA}.Release|Any CPU.Build.0 = Release|Any CPU
		{A31890BC-B30D-4171-A6BA-76FF55F5FED7}.Debug|Any CPU.ActiveCfg = Debug|Any CPU
		{A31890BC-B30D-4171-A6BA-76FF55F5FED7}.Debug|Any CPU.Build.0 = Debug|Any CPU
		{A31890BC-B30D-4171-A6BA-76FF55F5FED7}.Release|Any CPU.ActiveCfg = Release|Any CPU
		{A31890BC-B30D-4171-A6BA-76FF55F5FED7}.Release|Any CPU.Build.0 = Release|Any CPU
		{E5023F6C-3D23-4D61-915C-56B33F60611E}.Debug|Any CPU.ActiveCfg = Debug|Any CPU
		{E5023F6C-3D23-4D61-915C-56B33F60611E}.Debug|Any CPU.Build.0 = Debug|Any CPU
		{E5023F6C-3D23-4D61-915C-56B33F60611E}.Release|Any CPU.ActiveCfg = Release|Any CPU
		{E5023F6C-3D23-4D61-915C-56B33F60611E}.Release|Any CPU.Build.0 = Release|Any CPU
		{F28F3119-4AD1-4A0C-AA4C-96F30BD45B88}.Debug|Any CPU.ActiveCfg = Debug|Any CPU
		{F28F3119-4AD1-4A0C-AA4C-96F30BD45B88}.Debug|Any CPU.Build.0 = Debug|Any CPU
		{F28F3119-4AD1-4A0C-AA4C-96F30BD45B88}.Release|Any CPU.ActiveCfg = Release|Any CPU
		{F28F3119-4AD1-4A0C-AA4C-96F30BD45B88}.Release|Any CPU.Build.0 = Release|Any CPU
		{55928ED4-F1CC-441A-87CE-93F109C081F9}.Debug|Any CPU.ActiveCfg = Debug|Any CPU
		{55928ED4-F1CC-441A-87CE-93F109C081F9}.Debug|Any CPU.Build.0 = Debug|Any CPU
		{55928ED4-F1CC-441A-87CE-93F109C081F9}.Release|Any CPU.ActiveCfg = Release|Any CPU
		{55928ED4-F1CC-441A-87CE-93F109C081F9}.Release|Any CPU.Build.0 = Release|Any CPU
		{822C2200-94C5-452F-B36D-A923019B6621}.Debug|Any CPU.ActiveCfg = Debug|Any CPU
		{822C2200-94C5-452F-B36D-A923019B6621}.Debug|Any CPU.Build.0 = Debug|Any CPU
		{822C2200-94C5-452F-B36D-A923019B6621}.Release|Any CPU.ActiveCfg = Release|Any CPU
		{822C2200-94C5-452F-B36D-A923019B6621}.Release|Any CPU.Build.0 = Release|Any CPU
		{11F5BB30-56FA-4BF1-9348-40F51AE5FA02}.Debug|Any CPU.ActiveCfg = Debug|Any CPU
		{11F5BB30-56FA-4BF1-9348-40F51AE5FA02}.Debug|Any CPU.Build.0 = Debug|Any CPU
		{11F5BB30-56FA-4BF1-9348-40F51AE5FA02}.Release|Any CPU.ActiveCfg = Release|Any CPU
		{11F5BB30-56FA-4BF1-9348-40F51AE5FA02}.Release|Any CPU.Build.0 = Release|Any CPU
		{B09A2916-6157-4B3C-87C2-6430A590B408}.Debug|Any CPU.ActiveCfg = Debug|Any CPU
		{B09A2916-6157-4B3C-87C2-6430A590B408}.Debug|Any CPU.Build.0 = Debug|Any CPU
		{B09A2916-6157-4B3C-87C2-6430A590B408}.Release|Any CPU.ActiveCfg = Release|Any CPU
		{B09A2916-6157-4B3C-87C2-6430A590B408}.Release|Any CPU.Build.0 = Release|Any CPU
		{458C9B1D-FDA8-447A-81D4-D4BDA9BE0833}.Debug|Any CPU.ActiveCfg = Debug|Any CPU
		{458C9B1D-FDA8-447A-81D4-D4BDA9BE0833}.Debug|Any CPU.Build.0 = Debug|Any CPU
		{458C9B1D-FDA8-447A-81D4-D4BDA9BE0833}.Release|Any CPU.ActiveCfg = Release|Any CPU
		{458C9B1D-FDA8-447A-81D4-D4BDA9BE0833}.Release|Any CPU.Build.0 = Release|Any CPU
		{C0608671-B067-46DE-998B-CD17B2FF9CB2}.Debug|Any CPU.ActiveCfg = Debug|Any CPU
		{C0608671-B067-46DE-998B-CD17B2FF9CB2}.Debug|Any CPU.Build.0 = Debug|Any CPU
		{C0608671-B067-46DE-998B-CD17B2FF9CB2}.Release|Any CPU.ActiveCfg = Release|Any CPU
		{C0608671-B067-46DE-998B-CD17B2FF9CB2}.Release|Any CPU.Build.0 = Release|Any CPU
		{AE601EE2-9449-46DD-9F4B-2CF46EA7D417}.Debug|Any CPU.ActiveCfg = Debug|Any CPU
		{AE601EE2-9449-46DD-9F4B-2CF46EA7D417}.Debug|Any CPU.Build.0 = Debug|Any CPU
		{AE601EE2-9449-46DD-9F4B-2CF46EA7D417}.Release|Any CPU.ActiveCfg = Release|Any CPU
		{AE601EE2-9449-46DD-9F4B-2CF46EA7D417}.Release|Any CPU.Build.0 = Release|Any CPU
		{0816F56F-C363-421C-A105-ACE501F8CCE2}.Debug|Any CPU.ActiveCfg = Debug|Any CPU
		{0816F56F-C363-421C-A105-ACE501F8CCE2}.Debug|Any CPU.Build.0 = Debug|Any CPU
		{0816F56F-C363-421C-A105-ACE501F8CCE2}.Release|Any CPU.ActiveCfg = Release|Any CPU
		{0816F56F-C363-421C-A105-ACE501F8CCE2}.Release|Any CPU.Build.0 = Release|Any CPU
		{ED0CA55E-EFEC-4C42-B6C8-1ADBF890B70E}.Debug|Any CPU.ActiveCfg = Debug|Any CPU
		{ED0CA55E-EFEC-4C42-B6C8-1ADBF890B70E}.Debug|Any CPU.Build.0 = Debug|Any CPU
		{ED0CA55E-EFEC-4C42-B6C8-1ADBF890B70E}.Release|Any CPU.ActiveCfg = Release|Any CPU
		{ED0CA55E-EFEC-4C42-B6C8-1ADBF890B70E}.Release|Any CPU.Build.0 = Release|Any CPU
		{97814784-BFD1-4710-8A53-7CCE5F42FB05}.Debug|Any CPU.ActiveCfg = Debug|Any CPU
		{97814784-BFD1-4710-8A53-7CCE5F42FB05}.Debug|Any CPU.Build.0 = Debug|Any CPU
		{97814784-BFD1-4710-8A53-7CCE5F42FB05}.Release|Any CPU.ActiveCfg = Release|Any CPU
		{97814784-BFD1-4710-8A53-7CCE5F42FB05}.Release|Any CPU.Build.0 = Release|Any CPU
		{251D131E-A53B-47AA-B4D4-4816362973FE}.Debug|Any CPU.ActiveCfg = Debug|Any CPU
		{251D131E-A53B-47AA-B4D4-4816362973FE}.Debug|Any CPU.Build.0 = Debug|Any CPU
		{251D131E-A53B-47AA-B4D4-4816362973FE}.Release|Any CPU.ActiveCfg = Release|Any CPU
		{251D131E-A53B-47AA-B4D4-4816362973FE}.Release|Any CPU.Build.0 = Release|Any CPU
		{143A2095-2713-4253-8762-8EEE7994E5FF}.Debug|Any CPU.ActiveCfg = Debug|Any CPU
		{143A2095-2713-4253-8762-8EEE7994E5FF}.Debug|Any CPU.Build.0 = Debug|Any CPU
		{143A2095-2713-4253-8762-8EEE7994E5FF}.Release|Any CPU.ActiveCfg = Release|Any CPU
		{143A2095-2713-4253-8762-8EEE7994E5FF}.Release|Any CPU.Build.0 = Release|Any CPU
		{9274988A-67F6-41BD-ABDD-F9AF83739D7E}.Debug|Any CPU.ActiveCfg = Debug|Any CPU
		{9274988A-67F6-41BD-ABDD-F9AF83739D7E}.Debug|Any CPU.Build.0 = Debug|Any CPU
		{9274988A-67F6-41BD-ABDD-F9AF83739D7E}.Release|Any CPU.ActiveCfg = Release|Any CPU
		{9274988A-67F6-41BD-ABDD-F9AF83739D7E}.Release|Any CPU.Build.0 = Release|Any CPU
		{304E76C4-3F42-41BD-B370-AC81010BEA63}.Debug|Any CPU.ActiveCfg = Debug|Any CPU
		{304E76C4-3F42-41BD-B370-AC81010BEA63}.Debug|Any CPU.Build.0 = Debug|Any CPU
		{304E76C4-3F42-41BD-B370-AC81010BEA63}.Release|Any CPU.ActiveCfg = Release|Any CPU
		{304E76C4-3F42-41BD-B370-AC81010BEA63}.Release|Any CPU.Build.0 = Release|Any CPU
		{ADE23489-75E2-4422-8656-CF17FE12BA3A}.Debug|Any CPU.ActiveCfg = Debug|Any CPU
		{ADE23489-75E2-4422-8656-CF17FE12BA3A}.Debug|Any CPU.Build.0 = Debug|Any CPU
		{ADE23489-75E2-4422-8656-CF17FE12BA3A}.Release|Any CPU.ActiveCfg = Release|Any CPU
		{ADE23489-75E2-4422-8656-CF17FE12BA3A}.Release|Any CPU.Build.0 = Release|Any CPU
		{36F9ED3C-2B78-44FB-8559-B96EAE200458}.Debug|Any CPU.ActiveCfg = Debug|Any CPU
		{36F9ED3C-2B78-44FB-8559-B96EAE200458}.Debug|Any CPU.Build.0 = Debug|Any CPU
		{36F9ED3C-2B78-44FB-8559-B96EAE200458}.Release|Any CPU.ActiveCfg = Release|Any CPU
		{36F9ED3C-2B78-44FB-8559-B96EAE200458}.Release|Any CPU.Build.0 = Release|Any CPU
		{C449D01E-2923-4CC7-BF50-A8669E649D23}.Debug|Any CPU.ActiveCfg = Debug|Any CPU
		{C449D01E-2923-4CC7-BF50-A8669E649D23}.Debug|Any CPU.Build.0 = Debug|Any CPU
		{C449D01E-2923-4CC7-BF50-A8669E649D23}.Release|Any CPU.ActiveCfg = Release|Any CPU
		{C449D01E-2923-4CC7-BF50-A8669E649D23}.Release|Any CPU.Build.0 = Release|Any CPU
		{335C965F-E794-490F-B932-1C335FCA25AC}.Debug|Any CPU.ActiveCfg = Debug|Any CPU
		{335C965F-E794-490F-B932-1C335FCA25AC}.Debug|Any CPU.Build.0 = Debug|Any CPU
		{335C965F-E794-490F-B932-1C335FCA25AC}.Release|Any CPU.ActiveCfg = Release|Any CPU
		{335C965F-E794-490F-B932-1C335FCA25AC}.Release|Any CPU.Build.0 = Release|Any CPU
		{5C72AE5C-8713-4B91-BBE0-F8F7C7F10789}.Debug|Any CPU.ActiveCfg = Debug|Any CPU
		{5C72AE5C-8713-4B91-BBE0-F8F7C7F10789}.Debug|Any CPU.Build.0 = Debug|Any CPU
		{5C72AE5C-8713-4B91-BBE0-F8F7C7F10789}.Release|Any CPU.ActiveCfg = Release|Any CPU
		{5C72AE5C-8713-4B91-BBE0-F8F7C7F10789}.Release|Any CPU.Build.0 = Release|Any CPU
		{F0AA7B59-4765-40D0-A97C-1AB345033E67}.Debug|Any CPU.ActiveCfg = Debug|Any CPU
		{F0AA7B59-4765-40D0-A97C-1AB345033E67}.Debug|Any CPU.Build.0 = Debug|Any CPU
		{F0AA7B59-4765-40D0-A97C-1AB345033E67}.Release|Any CPU.ActiveCfg = Release|Any CPU
		{F0AA7B59-4765-40D0-A97C-1AB345033E67}.Release|Any CPU.Build.0 = Release|Any CPU
		{26F4967B-AA56-494C-B3F6-4A403EA8ECCC}.Debug|Any CPU.ActiveCfg = Debug|Any CPU
		{26F4967B-AA56-494C-B3F6-4A403EA8ECCC}.Debug|Any CPU.Build.0 = Debug|Any CPU
		{26F4967B-AA56-494C-B3F6-4A403EA8ECCC}.Release|Any CPU.ActiveCfg = Release|Any CPU
		{26F4967B-AA56-494C-B3F6-4A403EA8ECCC}.Release|Any CPU.Build.0 = Release|Any CPU
		{D756D7F9-F48A-4E50-BC9B-BEEC5456D685}.Debug|Any CPU.ActiveCfg = Debug|Any CPU
		{D756D7F9-F48A-4E50-BC9B-BEEC5456D685}.Debug|Any CPU.Build.0 = Debug|Any CPU
		{D756D7F9-F48A-4E50-BC9B-BEEC5456D685}.Release|Any CPU.ActiveCfg = Release|Any CPU
		{D756D7F9-F48A-4E50-BC9B-BEEC5456D685}.Release|Any CPU.Build.0 = Release|Any CPU
		{A61C7B28-036A-4711-9288-517F8EB1C407}.Debug|Any CPU.ActiveCfg = Debug|Any CPU
		{A61C7B28-036A-4711-9288-517F8EB1C407}.Debug|Any CPU.Build.0 = Debug|Any CPU
		{A61C7B28-036A-4711-9288-517F8EB1C407}.Release|Any CPU.ActiveCfg = Release|Any CPU
		{A61C7B28-036A-4711-9288-517F8EB1C407}.Release|Any CPU.Build.0 = Release|Any CPU
		{E8170188-8C54-4A41-890E-2C3D4BC81D80}.Debug|Any CPU.ActiveCfg = Debug|Any CPU
		{E8170188-8C54-4A41-890E-2C3D4BC81D80}.Debug|Any CPU.Build.0 = Debug|Any CPU
		{E8170188-8C54-4A41-890E-2C3D4BC81D80}.Release|Any CPU.ActiveCfg = Release|Any CPU
		{E8170188-8C54-4A41-890E-2C3D4BC81D80}.Release|Any CPU.Build.0 = Release|Any CPU
		{6EFCDFE6-54C7-4907-86AB-0ADC195A4B90}.Debug|Any CPU.ActiveCfg = Debug|Any CPU
		{6EFCDFE6-54C7-4907-86AB-0ADC195A4B90}.Debug|Any CPU.Build.0 = Debug|Any CPU
		{6EFCDFE6-54C7-4907-86AB-0ADC195A4B90}.Release|Any CPU.ActiveCfg = Release|Any CPU
		{6EFCDFE6-54C7-4907-86AB-0ADC195A4B90}.Release|Any CPU.Build.0 = Release|Any CPU
		{9FD1A630-C37E-4994-84A4-8931D4FEB02F}.Debug|Any CPU.ActiveCfg = Debug|Any CPU
		{9FD1A630-C37E-4994-84A4-8931D4FEB02F}.Debug|Any CPU.Build.0 = Debug|Any CPU
		{9FD1A630-C37E-4994-84A4-8931D4FEB02F}.Release|Any CPU.ActiveCfg = Release|Any CPU
		{9FD1A630-C37E-4994-84A4-8931D4FEB02F}.Release|Any CPU.Build.0 = Release|Any CPU
		{408750EE-2C62-4315-BFAF-6AC74710D4CD}.Debug|Any CPU.ActiveCfg = Debug|Any CPU
		{408750EE-2C62-4315-BFAF-6AC74710D4CD}.Debug|Any CPU.Build.0 = Debug|Any CPU
		{408750EE-2C62-4315-BFAF-6AC74710D4CD}.Release|Any CPU.ActiveCfg = Release|Any CPU
		{408750EE-2C62-4315-BFAF-6AC74710D4CD}.Release|Any CPU.Build.0 = Release|Any CPU
		{0E2C6D28-89B8-4867-BF82-C75CE8C60042}.Debug|Any CPU.ActiveCfg = Debug|Any CPU
		{0E2C6D28-89B8-4867-BF82-C75CE8C60042}.Debug|Any CPU.Build.0 = Debug|Any CPU
		{0E2C6D28-89B8-4867-BF82-C75CE8C60042}.Release|Any CPU.ActiveCfg = Release|Any CPU
		{0E2C6D28-89B8-4867-BF82-C75CE8C60042}.Release|Any CPU.Build.0 = Release|Any CPU
		{27C7DE26-E741-4A66-8E9E-E9F79CD1E123}.Debug|Any CPU.ActiveCfg = Debug|Any CPU
		{27C7DE26-E741-4A66-8E9E-E9F79CD1E123}.Debug|Any CPU.Build.0 = Debug|Any CPU
		{27C7DE26-E741-4A66-8E9E-E9F79CD1E123}.Release|Any CPU.ActiveCfg = Release|Any CPU
		{27C7DE26-E741-4A66-8E9E-E9F79CD1E123}.Release|Any CPU.Build.0 = Release|Any CPU
	EndGlobalSection
	GlobalSection(SolutionProperties) = preSolution
		HideSolutionNode = FALSE
	EndGlobalSection
	GlobalSection(ExtensibilityGlobals) = postSolution
		SolutionGuid = {52D251B1-E143-4042-862F-A1EE7E4D2178}
	EndGlobalSection
EndGlobal
